// !$*UTF8*$!
{
	archiveVersion = 1;
	classes = {
	};
	objectVersion = 46;
	objects = {

/* Begin PBXBuildFile section */
		0E7D7349E261C66B48EB1C748A21EAC7 /* Motor.swift in Sources */ = {isa = PBXBuildFile; fileRef = B07F53C5C2C8730DF90F16E3F2D14BED /* Motor.swift */; };
		195FBC287E074944F2DCD8D1CE2681C5 /* NurseTests.swift in Sources */ = {isa = PBXBuildFile; fileRef = C0769F6E53E4B0A07CE967B3B9D65615 /* NurseTests.swift */; };
		46D0D193E4FFEEB4CD53055A5070A774 /* Car.swift in Sources */ = {isa = PBXBuildFile; fileRef = CE922DAF463F9739FA89FC2520F27CE0 /* Car.swift */; };
		4982BCD9D672C6A2BBF178AE74DA1677 /* LaunchScreen.xib in Resources */ = {isa = PBXBuildFile; fileRef = D6FC1A8E4C2AAC05ECAEBB55B3850B86 /* LaunchScreen.xib */; };
		4AE2A918BF85FD95CC29AD85C3993DF5 /* Car.swift in Sources */ = {isa = PBXBuildFile; fileRef = CE922DAF463F9739FA89FC2520F27CE0 /* Car.swift */; };
		4C3CF7CE24F6C557F0843EEE33A75200 /* ViewController.swift in Sources */ = {isa = PBXBuildFile; fileRef = 2C2D5384F96E0DD3C6811A61FFF84DA1 /* ViewController.swift */; };
		688C8A5EEBF55D520944569D54A1D7C0 /* TestModule.swift in Sources */ = {isa = PBXBuildFile; fileRef = B504D5D9380A5BB0A665567F2EED55A6 /* TestModule.swift */; };
		73D8EAAD76E6B90EB44D4D8D59B7A4B9 /* Motor.swift in Sources */ = {isa = PBXBuildFile; fileRef = B07F53C5C2C8730DF90F16E3F2D14BED /* Motor.swift */; };
		8D06CC7C176534012BC21BC687E3CCE3 /* Wheel.swift in Sources */ = {isa = PBXBuildFile; fileRef = A23D8A0A8547D2388D31632C02F13BCF /* Wheel.swift */; };
		A72E9E6585887B9A37EEA51E607E8E59 /* Main.storyboard in Resources */ = {isa = PBXBuildFile; fileRef = 0468612F60998AE079C7EEE8FC248DF7 /* Main.storyboard */; };
		B1EDEE86040EF56696BE264EBFEB723C /* AppModule.swift in Sources */ = {isa = PBXBuildFile; fileRef = 728135B0516272E36D950F4E15FAB698 /* AppModule.swift */; };
		B580AC36F6CE34F17249FFEA8E77A4AB /* Wheel.swift in Sources */ = {isa = PBXBuildFile; fileRef = A23D8A0A8547D2388D31632C02F13BCF /* Wheel.swift */; };
		B81E3C82185C8AD67F322F6F20215AED /* Images.xcassets in Resources */ = {isa = PBXBuildFile; fileRef = CF50FC67B9A31EDF0499A4EE66217DCB /* Images.xcassets */; };
		B82DDDF6360DCE5310DC79F9C4BC5C89 /* Pods_Nurse_Example.framework in Frameworks */ = {isa = PBXBuildFile; fileRef = F0F74FE1E6FCAC85A3AF40D3CDEC34BD /* Pods_Nurse_Example.framework */; };
		CAE6AF2786CDFB4C63E623453C173D61 /* Pods_Nurse_Tests.framework in Frameworks */ = {isa = PBXBuildFile; fileRef = 5354F55115F0B1FD1DD554D34F29F9B4 /* Pods_Nurse_Tests.framework */; };
		CD33D95C2832556189BF9F856443A774 /* AppModule.swift in Sources */ = {isa = PBXBuildFile; fileRef = 728135B0516272E36D950F4E15FAB698 /* AppModule.swift */; };
		D78C029E8EF3781CC2B7AD2399B5F5AA /* AppDelegate.swift in Sources */ = {isa = PBXBuildFile; fileRef = 779A66E390C2C3B635877C77ACEB66FE /* AppDelegate.swift */; };
		F72BEE4C9204800D27DB5CE10159B63B /* TestModule.swift in Sources */ = {isa = PBXBuildFile; fileRef = B504D5D9380A5BB0A665567F2EED55A6 /* TestModule.swift */; };
/* End PBXBuildFile section */

/* Begin PBXContainerItemProxy section */
		5D5D4EFEE292767C773DE6D9FEDE94D8 /* PBXContainerItemProxy */ = {
			isa = PBXContainerItemProxy;
			containerPortal = E05F7C6E91B00F733E33E81E651B7C9F /* Project object */;
			proxyType = 1;
			remoteGlobalIDString = 3F352599DC30F8A83E79A6747D8387B4;
			remoteInfo = Nurse;
		};
/* End PBXContainerItemProxy section */

/* Begin PBXFileReference section */
		09F37F72FC307B0B91342ABE9C5F7060 /* Nurse.framework */ = {isa = PBXFileReference; lastKnownFileType = wrapper.framework; name = Nurse.framework; path = "../../../Library/Developer/Xcode/DerivedData/Nurse-eznmmiwwsrzejpchabmkexzgylyn/Build/Products/Debug-iphoneos/Nurse.framework"; sourceTree = "<group>"; };
		09F37F72FC307B0B91342ABE9C5F7060 /* Nurse.framework */ = {isa = PBXFileReference; explicitFileType = wrapper.framework; path = Nurse.framework; sourceTree = BUILT_PRODUCTS_DIR; };
		1A4B0B379C38FA3CF0242B3D0ACE5433 /* Pods-Nurse_Example.debug.xcconfig */ = {isa = PBXFileReference; includeInIndex = 1; lastKnownFileType = text.xcconfig; name = "Pods-Nurse_Example.debug.xcconfig"; path = "Pods/Target Support Files/Pods-Nurse_Example/Pods-Nurse_Example.debug.xcconfig"; sourceTree = "<group>"; };
		2C2D5384F96E0DD3C6811A61FFF84DA1 /* ViewController.swift */ = {isa = PBXFileReference; lastKnownFileType = sourcecode.swift; path = ViewController.swift; sourceTree = "<group>"; };
		36C0B346EA46235D2095522B28CF13A5 /* Nurse.podspec */ = {isa = PBXFileReference; includeInIndex = 1; lastKnownFileType = text; name = Nurse.podspec; path = ../Nurse.podspec; sourceTree = "<group>"; xcLanguageSpecificationIdentifier = xcode.lang.ruby; };
		3D688E87E7E257075F609C54B5D6B1D1 /* XCTest.framework */ = {isa = PBXFileReference; lastKnownFileType = wrapper.framework; name = XCTest.framework; path = Platforms/iPhoneOS.platform/Developer/Library/Frameworks/XCTest.framework; sourceTree = DEVELOPER_DIR; };
		406C0CD24E6DDBEC5C0B3A2D034C1BD2 /* Nurse_Tests.xctest */ = {isa = PBXFileReference; explicitFileType = wrapper.cfbundle; includeInIndex = 0; path = Nurse_Tests.xctest; sourceTree = BUILT_PRODUCTS_DIR; };
		44A34E46456D74BE50CF648CED5BD76F /* Info.plist */ = {isa = PBXFileReference; lastKnownFileType = text.plist.xml; path = Info.plist; sourceTree = "<group>"; };
		4663556D2B41B4A8CAC7CF09B88DBBA3 /* Nurse_Example.app */ = {isa = PBXFileReference; explicitFileType = wrapper.application; includeInIndex = 0; path = Nurse_Example.app; sourceTree = BUILT_PRODUCTS_DIR; };
		4F6F515C6D68963C297654E13D01C4E6 /* README.md */ = {isa = PBXFileReference; includeInIndex = 1; lastKnownFileType = net.daringfireball.markdown; name = README.md; path = ../README.md; sourceTree = "<group>"; };
		5354F55115F0B1FD1DD554D34F29F9B4 /* Pods_Nurse_Tests.framework */ = {isa = PBXFileReference; explicitFileType = wrapper.framework; includeInIndex = 0; path = Pods_Nurse_Tests.framework; sourceTree = BUILT_PRODUCTS_DIR; };
		53E1788A9B880235F50A01AEDA4B1605 /* Pods-Nurse_Tests.release.xcconfig */ = {isa = PBXFileReference; includeInIndex = 1; lastKnownFileType = text.xcconfig; name = "Pods-Nurse_Tests.release.xcconfig"; path = "Pods/Target Support Files/Pods-Nurse_Tests/Pods-Nurse_Tests.release.xcconfig"; sourceTree = "<group>"; };
		728135B0516272E36D950F4E15FAB698 /* AppModule.swift */ = {isa = PBXFileReference; lastKnownFileType = sourcecode.swift; path = AppModule.swift; sourceTree = "<group>"; };
		779A66E390C2C3B635877C77ACEB66FE /* AppDelegate.swift */ = {isa = PBXFileReference; lastKnownFileType = sourcecode.swift; path = AppDelegate.swift; sourceTree = "<group>"; };
		A23D8A0A8547D2388D31632C02F13BCF /* Wheel.swift */ = {isa = PBXFileReference; lastKnownFileType = sourcecode.swift; path = Wheel.swift; sourceTree = "<group>"; };
		A255866B08CEE4514F9B287ACE0397A3 /* Base */ = {isa = PBXFileReference; lastKnownFileType = file.storyboard; name = Base; path = Base.lproj/Main.storyboard; sourceTree = "<group>"; };
		A2BF2A10413D26A1FE7AE1905E6D8DEC /* LICENSE */ = {isa = PBXFileReference; includeInIndex = 1; lastKnownFileType = text; name = LICENSE; path = ../LICENSE; sourceTree = "<group>"; };
		B07F53C5C2C8730DF90F16E3F2D14BED /* Motor.swift */ = {isa = PBXFileReference; lastKnownFileType = sourcecode.swift; path = Motor.swift; sourceTree = "<group>"; };
		B504D5D9380A5BB0A665567F2EED55A6 /* TestModule.swift */ = {isa = PBXFileReference; lastKnownFileType = sourcecode.swift; path = TestModule.swift; sourceTree = "<group>"; };
		C0769F6E53E4B0A07CE967B3B9D65615 /* NurseTests.swift */ = {isa = PBXFileReference; lastKnownFileType = sourcecode.swift; path = NurseTests.swift; sourceTree = "<group>"; };
		CE922DAF463F9739FA89FC2520F27CE0 /* Car.swift */ = {isa = PBXFileReference; lastKnownFileType = sourcecode.swift; path = Car.swift; sourceTree = "<group>"; };
		CF50FC67B9A31EDF0499A4EE66217DCB /* Images.xcassets */ = {isa = PBXFileReference; lastKnownFileType = folder.assetcatalog; path = Images.xcassets; sourceTree = "<group>"; };
		E411B690B522304F42E04A2A4C9A1D45 /* Pods-Nurse_Example.release.xcconfig */ = {isa = PBXFileReference; includeInIndex = 1; lastKnownFileType = text.xcconfig; name = "Pods-Nurse_Example.release.xcconfig"; path = "Pods/Target Support Files/Pods-Nurse_Example/Pods-Nurse_Example.release.xcconfig"; sourceTree = "<group>"; };
		EF42F4E00D05AF26D86A24C437E37666 /* Base */ = {isa = PBXFileReference; lastKnownFileType = file.xib; name = Base; path = Base.lproj/LaunchScreen.xib; sourceTree = "<group>"; };
		EFF1A20981BF3C6C72DD6C4DFA59684A /* Pods-Nurse_Tests.debug.xcconfig */ = {isa = PBXFileReference; includeInIndex = 1; lastKnownFileType = text.xcconfig; name = "Pods-Nurse_Tests.debug.xcconfig"; path = "Pods/Target Support Files/Pods-Nurse_Tests/Pods-Nurse_Tests.debug.xcconfig"; sourceTree = "<group>"; };
		F0F74FE1E6FCAC85A3AF40D3CDEC34BD /* Pods_Nurse_Example.framework */ = {isa = PBXFileReference; explicitFileType = wrapper.framework; includeInIndex = 0; path = Pods_Nurse_Example.framework; sourceTree = BUILT_PRODUCTS_DIR; };
		F2A2010B017B67C559C5F0BF56D858AE /* Info.plist */ = {isa = PBXFileReference; lastKnownFileType = text.plist.xml; path = Info.plist; sourceTree = "<group>"; };
/* End PBXFileReference section */

/* Begin PBXFrameworksBuildPhase section */
		8FD04CC7292D7DEA7F5CE302E5AD723F /* Frameworks */ = {
			isa = PBXFrameworksBuildPhase;
			buildActionMask = 2147483647;
			files = (
				B82DDDF6360DCE5310DC79F9C4BC5C89 /* Pods_Nurse_Example.framework in Frameworks */,
			);
			runOnlyForDeploymentPostprocessing = 0;
		};
		DED79BB8C8C93E0AB7A5FB960FCD282D /* Frameworks */ = {
			isa = PBXFrameworksBuildPhase;
			buildActionMask = 2147483647;
			files = (
				CAE6AF2786CDFB4C63E623453C173D61 /* Pods_Nurse_Tests.framework in Frameworks */,
			);
			runOnlyForDeploymentPostprocessing = 0;
		};
/* End PBXFrameworksBuildPhase section */

/* Begin PBXGroup section */
		97DDBC8D69AB7C1E2966481D12B02444 = {
			isa = PBXGroup;
			children = (
				96F8213E155E05B10E11EDEE42492B8E /* Example for Nurse */,
				D5A0300FF682533FFD1106F253D8D7D0 /* Frameworks */,
				6E9AFE48017B0E44306C6A608FB33F7F /* Pods */,
				F8AC7909CC09DE5098FE4E9DEB265528 /* Podspec Metadata */,
				EAEBF21DECD9EF604657299BD3B8F5D8 /* Products */,
				BEEEF08F196B90220AC47A032635538C /* Tests */,
			);
			sourceTree = "<group>";
		};
		EAEBF21DECD9EF604657299BD3B8F5D8 /* Products */ = {
			isa = PBXGroup;
			children = (
				4663556D2B41B4A8CAC7CF09B88DBBA3 /* Nurse_Example.app */,
				406C0CD24E6DDBEC5C0B3A2D034C1BD2 /* Nurse_Tests.xctest */,
			);
			name = Products;
			sourceTree = "<group>";
		};
		96F8213E155E05B10E11EDEE42492B8E /* Example for Nurse */ = {
			isa = PBXGroup;
			children = (
				39DCFF1D137EE065F554C65C5D5D7ECF /* Supporting Files */,
				779A66E390C2C3B635877C77ACEB66FE /* AppDelegate.swift */,
				CF50FC67B9A31EDF0499A4EE66217DCB /* Images.xcassets */,
				D6FC1A8E4C2AAC05ECAEBB55B3850B86 /* LaunchScreen.xib */,
				0468612F60998AE079C7EEE8FC248DF7 /* Main.storyboard */,
				2C2D5384F96E0DD3C6811A61FFF84DA1 /* ViewController.swift */,
			);
			name = "Example for Nurse";
			path = Nurse;
			sourceTree = "<group>";
		};
		39DCFF1D137EE065F554C65C5D5D7ECF /* Supporting Files */ = {
			isa = PBXGroup;
			children = (
				44A34E46456D74BE50CF648CED5BD76F /* Info.plist */,
			);
			name = "Supporting Files";
			sourceTree = "<group>";
		};
		BEEEF08F196B90220AC47A032635538C /* Tests */ = {
			isa = PBXGroup;
			children = (
				4CB7025E08392AD07573984BA516E543 /* Fixtures */,
				79DCEE5C40B44DAA9D784D6824AF9FD6 /* Supporting Files */,
				C0769F6E53E4B0A07CE967B3B9D65615 /* NurseTests.swift */,
			);
			path = Tests;
			sourceTree = "<group>";
		};
		79DCEE5C40B44DAA9D784D6824AF9FD6 /* Supporting Files */ = {
			isa = PBXGroup;
			children = (
				F2A2010B017B67C559C5F0BF56D858AE /* Info.plist */,
			);
			name = "Supporting Files";
			sourceTree = "<group>";
		};
		F8AC7909CC09DE5098FE4E9DEB265528 /* Podspec Metadata */ = {
			isa = PBXGroup;
			children = (
				A2BF2A10413D26A1FE7AE1905E6D8DEC /* LICENSE */,
				36C0B346EA46235D2095522B28CF13A5 /* Nurse.podspec */,
				4F6F515C6D68963C297654E13D01C4E6 /* README.md */,
			);
			name = "Podspec Metadata";
			sourceTree = "<group>";
		};
		D5A0300FF682533FFD1106F253D8D7D0 /* Frameworks */ = {
			isa = PBXGroup;
			children = (
				09F37F72FC307B0B91342ABE9C5F7060 /* Nurse.framework */,
				F0F74FE1E6FCAC85A3AF40D3CDEC34BD /* Pods_Nurse_Example.framework */,
				5354F55115F0B1FD1DD554D34F29F9B4 /* Pods_Nurse_Tests.framework */,
				3D688E87E7E257075F609C54B5D6B1D1 /* XCTest.framework */,
			);
			name = Frameworks;
			sourceTree = "<group>";
		};
		4CB7025E08392AD07573984BA516E543 /* Fixtures */ = {
			isa = PBXGroup;
			children = (
				728135B0516272E36D950F4E15FAB698 /* AppModule.swift */,
				CE922DAF463F9739FA89FC2520F27CE0 /* Car.swift */,
				B07F53C5C2C8730DF90F16E3F2D14BED /* Motor.swift */,
				B504D5D9380A5BB0A665567F2EED55A6 /* TestModule.swift */,
				A23D8A0A8547D2388D31632C02F13BCF /* Wheel.swift */,
			);
			path = Fixtures;
			sourceTree = "<group>";
		};
		6E9AFE48017B0E44306C6A608FB33F7F /* Pods */ = {
			isa = PBXGroup;
			children = (
				1A4B0B379C38FA3CF0242B3D0ACE5433 /* Pods-Nurse_Example.debug.xcconfig */,
				E411B690B522304F42E04A2A4C9A1D45 /* Pods-Nurse_Example.release.xcconfig */,
				EFF1A20981BF3C6C72DD6C4DFA59684A /* Pods-Nurse_Tests.debug.xcconfig */,
				53E1788A9B880235F50A01AEDA4B1605 /* Pods-Nurse_Tests.release.xcconfig */,
			);
			name = Pods;
			sourceTree = "<group>";
		};
/* End PBXGroup section */

/* Begin PBXNativeTarget section */
		3F352599DC30F8A83E79A6747D8387B4 /* Nurse_Example */ = {
			isa = PBXNativeTarget;
			buildConfigurationList = F3136624FF9D74C029FB463C27FE5FEE /* Build configuration list for PBXNativeTarget "Nurse_Example" */;
			buildPhases = (
				EE3997EB0273D86EA46C9C4BC5F3DD74 /* [CP] Check Pods Manifest.lock */,
				C48AF8AAB358C799785315BA5666582D /* Sources */,
				8FD04CC7292D7DEA7F5CE302E5AD723F /* Frameworks */,
				1F6577B540B7AC8427571EE4290C4A80 /* Resources */,
				0707791AB903708458B079F3A60D8961 /* [CP] Embed Pods Frameworks */,
			);
			buildRules = (
			);
			dependencies = (
			);
			name = Nurse_Example;
			productName = Nurse;
			productReference = 4663556D2B41B4A8CAC7CF09B88DBBA3 /* Nurse_Example.app */;
			productType = "com.apple.product-type.application";
		};
		7BAC5F88AB5BE65A86E310397D4B3EBB /* Nurse_Tests */ = {
			isa = PBXNativeTarget;
			buildConfigurationList = 35ED05CE64C7E5000201D7007F64F4C0 /* Build configuration list for PBXNativeTarget "Nurse_Tests" */;
			buildPhases = (
				6AED04378DE43A23BF5BAC693EED8796 /* [CP] Check Pods Manifest.lock */,
				1A28C047369F063CFE4B20D800D954E4 /* Sources */,
				DED79BB8C8C93E0AB7A5FB960FCD282D /* Frameworks */,
				8613419888C1DCC13FE5AC68204ABE66 /* Resources */,
			);
			buildRules = (
			);
			dependencies = (
				E9B5B4B0E6F717B3FF2FD9D8411973C7 /* PBXTargetDependency */,
			);
			name = Nurse_Tests;
			productName = Tests;
			productReference = 406C0CD24E6DDBEC5C0B3A2D034C1BD2 /* Nurse_Tests.xctest */;
			productType = "com.apple.product-type.bundle.unit-test";
		};
/* End PBXNativeTarget section */

/* Begin PBXProject section */
		E05F7C6E91B00F733E33E81E651B7C9F /* Project object */ = {
			isa = PBXProject;
			attributes = {
				LastSwiftUpdateCheck = 0830;
				LastUpgradeCheck = 0940;
				ORGANIZATIONNAME = CocoaPods;
				TargetAttributes = {
					3F352599DC30F8A83E79A6747D8387B4 = {
						CreatedOnToolsVersion = 6.3.1;
						DevelopmentTeam = 8ZZEB7QGX4;
						LastSwiftMigration = 0900;
					};
					7BAC5F88AB5BE65A86E310397D4B3EBB = {
						CreatedOnToolsVersion = 6.3.1;
						DevelopmentTeam = 8ZZEB7QGX4;
						LastSwiftMigration = 0900;
						TestTargetID = 3F352599DC30F8A83E79A6747D8387B4;
					};
				};
			};
			buildConfigurationList = 99883A440BC6DC90CDCAF4B1767CE275 /* Build configuration list for PBXProject "Nurse" */;
			compatibilityVersion = "Xcode 3.2";
			developmentRegion = English;
			hasScannedForEncodings = 0;
			knownRegions = (
				en,
				Base,
			);
			mainGroup = 97DDBC8D69AB7C1E2966481D12B02444;
			productRefGroup = EAEBF21DECD9EF604657299BD3B8F5D8 /* Products */;
			projectDirPath = "";
			projectRoot = "";
			targets = (
				3F352599DC30F8A83E79A6747D8387B4 /* Nurse_Example */,
				7BAC5F88AB5BE65A86E310397D4B3EBB /* Nurse_Tests */,
			);
		};
/* End PBXProject section */

/* Begin PBXResourcesBuildPhase section */
		1F6577B540B7AC8427571EE4290C4A80 /* Resources */ = {
			isa = PBXResourcesBuildPhase;
			buildActionMask = 2147483647;
			files = (
				B81E3C82185C8AD67F322F6F20215AED /* Images.xcassets in Resources */,
				4982BCD9D672C6A2BBF178AE74DA1677 /* LaunchScreen.xib in Resources */,
				A72E9E6585887B9A37EEA51E607E8E59 /* Main.storyboard in Resources */,
			);
			runOnlyForDeploymentPostprocessing = 0;
		};
		8613419888C1DCC13FE5AC68204ABE66 /* Resources */ = {
			isa = PBXResourcesBuildPhase;
			buildActionMask = 2147483647;
			files = (
			);
			runOnlyForDeploymentPostprocessing = 0;
		};
/* End PBXResourcesBuildPhase section */

/* Begin PBXShellScriptBuildPhase section */
		EE3997EB0273D86EA46C9C4BC5F3DD74 /* [CP] Check Pods Manifest.lock */ = {
			isa = PBXShellScriptBuildPhase;
			buildActionMask = 2147483647;
			files = (
			);
			inputPaths = (
				"${PODS_PODFILE_DIR_PATH}/Podfile.lock",
				"${PODS_ROOT}/Manifest.lock",
			);
			name = "[CP] Check Pods Manifest.lock";
			outputPaths = (
				"$(DERIVED_FILE_DIR)/Pods-Nurse_Example-checkManifestLockResult.txt",
			);
			runOnlyForDeploymentPostprocessing = 0;
			shellPath = /bin/sh;
			shellScript = "diff \"${PODS_PODFILE_DIR_PATH}/Podfile.lock\" \"${PODS_ROOT}/Manifest.lock\" > /dev/null\nif [ $? != 0 ] ; then\n    # print error to STDERR\n    echo \"error: The sandbox is not in sync with the Podfile.lock. Run 'pod install' or update your CocoaPods installation.\" >&2\n    exit 1\nfi\n# This output is used by Xcode 'outputs' to avoid re-running this script phase.\necho \"SUCCESS\" > \"${SCRIPT_OUTPUT_FILE_0}\"\n";
			showEnvVarsInLog = 0;
		};
		0707791AB903708458B079F3A60D8961 /* [CP] Embed Pods Frameworks */ = {
			isa = PBXShellScriptBuildPhase;
			buildActionMask = 2147483647;
			files = (
			);
			inputPaths = (
				"${SRCROOT}/Pods/Target Support Files/Pods-Nurse_Example/Pods-Nurse_Example-frameworks.sh",
				"${BUILT_PRODUCTS_DIR}/Nurse/Nurse.framework",
			);
			name = "[CP] Embed Pods Frameworks";
			outputPaths = (
				"${TARGET_BUILD_DIR}/${FRAMEWORKS_FOLDER_PATH}/Nurse.framework",
			);
			runOnlyForDeploymentPostprocessing = 0;
			shellPath = /bin/sh;
			shellScript = "\"${SRCROOT}/Pods/Target Support Files/Pods-Nurse_Example/Pods-Nurse_Example-frameworks.sh\"\n";
			showEnvVarsInLog = 0;
		};
		6AED04378DE43A23BF5BAC693EED8796 /* [CP] Check Pods Manifest.lock */ = {
			isa = PBXShellScriptBuildPhase;
			buildActionMask = 2147483647;
			files = (
			);
			inputPaths = (
				"${PODS_PODFILE_DIR_PATH}/Podfile.lock",
				"${PODS_ROOT}/Manifest.lock",
			);
			name = "[CP] Check Pods Manifest.lock";
			outputPaths = (
				"$(DERIVED_FILE_DIR)/Pods-Nurse_Tests-checkManifestLockResult.txt",
			);
			runOnlyForDeploymentPostprocessing = 0;
			shellPath = /bin/sh;
			shellScript = "diff \"${PODS_PODFILE_DIR_PATH}/Podfile.lock\" \"${PODS_ROOT}/Manifest.lock\" > /dev/null\nif [ $? != 0 ] ; then\n    # print error to STDERR\n    echo \"error: The sandbox is not in sync with the Podfile.lock. Run 'pod install' or update your CocoaPods installation.\" >&2\n    exit 1\nfi\n# This output is used by Xcode 'outputs' to avoid re-running this script phase.\necho \"SUCCESS\" > \"${SCRIPT_OUTPUT_FILE_0}\"\n";
			showEnvVarsInLog = 0;
		};
/* End PBXShellScriptBuildPhase section */

/* Begin PBXSourcesBuildPhase section */
		C48AF8AAB358C799785315BA5666582D /* Sources */ = {
			isa = PBXSourcesBuildPhase;
			buildActionMask = 2147483647;
			files = (
				D78C029E8EF3781CC2B7AD2399B5F5AA /* AppDelegate.swift in Sources */,
				B1EDEE86040EF56696BE264EBFEB723C /* AppModule.swift in Sources */,
				46D0D193E4FFEEB4CD53055A5070A774 /* Car.swift in Sources */,
				73D8EAAD76E6B90EB44D4D8D59B7A4B9 /* Motor.swift in Sources */,
				688C8A5EEBF55D520944569D54A1D7C0 /* TestModule.swift in Sources */,
				4C3CF7CE24F6C557F0843EEE33A75200 /* ViewController.swift in Sources */,
				8D06CC7C176534012BC21BC687E3CCE3 /* Wheel.swift in Sources */,
			);
			runOnlyForDeploymentPostprocessing = 0;
		};
		1A28C047369F063CFE4B20D800D954E4 /* Sources */ = {
			isa = PBXSourcesBuildPhase;
			buildActionMask = 2147483647;
			files = (
				CD33D95C2832556189BF9F856443A774 /* AppModule.swift in Sources */,
				4AE2A918BF85FD95CC29AD85C3993DF5 /* Car.swift in Sources */,
				0E7D7349E261C66B48EB1C748A21EAC7 /* Motor.swift in Sources */,
				195FBC287E074944F2DCD8D1CE2681C5 /* NurseTests.swift in Sources */,
				F72BEE4C9204800D27DB5CE10159B63B /* TestModule.swift in Sources */,
				B580AC36F6CE34F17249FFEA8E77A4AB /* Wheel.swift in Sources */,
			);
			runOnlyForDeploymentPostprocessing = 0;
		};
/* End PBXSourcesBuildPhase section */

/* Begin PBXTargetDependency section */
		E9B5B4B0E6F717B3FF2FD9D8411973C7 /* PBXTargetDependency */ = {
			isa = PBXTargetDependency;
			target = 3F352599DC30F8A83E79A6747D8387B4 /* Nurse_Example */;
			targetProxy = 5D5D4EFEE292767C773DE6D9FEDE94D8 /* PBXContainerItemProxy */;
		};
/* End PBXTargetDependency section */

/* Begin PBXVariantGroup section */
		0468612F60998AE079C7EEE8FC248DF7 /* Main.storyboard */ = {
			isa = PBXVariantGroup;
			children = (
				A255866B08CEE4514F9B287ACE0397A3 /* Base */,
			);
			name = Main.storyboard;
			sourceTree = "<group>";
		};
		D6FC1A8E4C2AAC05ECAEBB55B3850B86 /* LaunchScreen.xib */ = {
			isa = PBXVariantGroup;
			children = (
				EF42F4E00D05AF26D86A24C437E37666 /* Base */,
			);
			name = LaunchScreen.xib;
			sourceTree = "<group>";
		};
/* End PBXVariantGroup section */

/* Begin XCBuildConfiguration section */
		D87770E5FA7BA903F1F4E571A4B34995 /* Debug */ = {
			isa = XCBuildConfiguration;
			buildSettings = {
				ALWAYS_SEARCH_USER_PATHS = NO;
				CLANG_CXX_LANGUAGE_STANDARD = "gnu++0x";
				CLANG_CXX_LIBRARY = "libc++";
				CLANG_ENABLE_MODULES = YES;
				CLANG_ENABLE_OBJC_ARC = YES;
				CLANG_WARN_BLOCK_CAPTURE_AUTORELEASING = YES;
				CLANG_WARN_BOOL_CONVERSION = YES;
				CLANG_WARN_COMMA = YES;
				CLANG_WARN_CONSTANT_CONVERSION = YES;
				CLANG_WARN_DEPRECATED_OBJC_IMPLEMENTATIONS = YES;
				CLANG_WARN_DIRECT_OBJC_ISA_USAGE = YES_ERROR;
				CLANG_WARN_EMPTY_BODY = YES;
				CLANG_WARN_ENUM_CONVERSION = YES;
				CLANG_WARN_INFINITE_RECURSION = YES;
				CLANG_WARN_INT_CONVERSION = YES;
				CLANG_WARN_NON_LITERAL_NULL_CONVERSION = YES;
				CLANG_WARN_OBJC_IMPLICIT_RETAIN_SELF = YES;
				CLANG_WARN_OBJC_LITERAL_CONVERSION = YES;
				CLANG_WARN_OBJC_ROOT_CLASS = YES_ERROR;
				CLANG_WARN_RANGE_LOOP_ANALYSIS = YES;
				CLANG_WARN_STRICT_PROTOTYPES = YES;
				CLANG_WARN_SUSPICIOUS_MOVE = YES;
				CLANG_WARN_UNREACHABLE_CODE = YES;
				CLANG_WARN__DUPLICATE_METHOD_MATCH = YES;
				"CODE_SIGN_IDENTITY[sdk=iphoneos*]" = "iPhone Developer";
				COPY_PHASE_STRIP = NO;
				DEBUG_INFORMATION_FORMAT = "dwarf-with-dsym";
				ENABLE_STRICT_OBJC_MSGSEND = YES;
				ENABLE_TESTABILITY = YES;
				GCC_C_LANGUAGE_STANDARD = gnu99;
				GCC_DYNAMIC_NO_PIC = NO;
				GCC_NO_COMMON_BLOCKS = YES;
				GCC_OPTIMIZATION_LEVEL = 0;
				GCC_PREPROCESSOR_DEFINITIONS = (
					"DEBUG=1",
					"$(inherited)",
				);
				GCC_SYMBOLS_PRIVATE_EXTERN = NO;
				GCC_WARN_64_TO_32_BIT_CONVERSION = YES;
				GCC_WARN_ABOUT_RETURN_TYPE = YES_ERROR;
				GCC_WARN_UNDECLARED_SELECTOR = YES;
				GCC_WARN_UNINITIALIZED_AUTOS = YES_AGGRESSIVE;
				GCC_WARN_UNUSED_FUNCTION = YES;
				GCC_WARN_UNUSED_VARIABLE = YES;
				IPHONEOS_DEPLOYMENT_TARGET = 9.3;
				MTL_ENABLE_DEBUG_INFO = YES;
				ONLY_ACTIVE_ARCH = YES;
				SDKROOT = iphoneos;
				SWIFT_OPTIMIZATION_LEVEL = "-Onone";
			};
			name = Debug;
		};
		B25012282EB5B62932998A48BAC97087 /* Release */ = {
			isa = XCBuildConfiguration;
			buildSettings = {
				ALWAYS_SEARCH_USER_PATHS = NO;
				CLANG_CXX_LANGUAGE_STANDARD = "gnu++0x";
				CLANG_CXX_LIBRARY = "libc++";
				CLANG_ENABLE_MODULES = YES;
				CLANG_ENABLE_OBJC_ARC = YES;
				CLANG_WARN_BLOCK_CAPTURE_AUTORELEASING = YES;
				CLANG_WARN_BOOL_CONVERSION = YES;
				CLANG_WARN_COMMA = YES;
				CLANG_WARN_CONSTANT_CONVERSION = YES;
				CLANG_WARN_DEPRECATED_OBJC_IMPLEMENTATIONS = YES;
				CLANG_WARN_DIRECT_OBJC_ISA_USAGE = YES_ERROR;
				CLANG_WARN_EMPTY_BODY = YES;
				CLANG_WARN_ENUM_CONVERSION = YES;
				CLANG_WARN_INFINITE_RECURSION = YES;
				CLANG_WARN_INT_CONVERSION = YES;
				CLANG_WARN_NON_LITERAL_NULL_CONVERSION = YES;
				CLANG_WARN_OBJC_IMPLICIT_RETAIN_SELF = YES;
				CLANG_WARN_OBJC_LITERAL_CONVERSION = YES;
				CLANG_WARN_OBJC_ROOT_CLASS = YES_ERROR;
				CLANG_WARN_RANGE_LOOP_ANALYSIS = YES;
				CLANG_WARN_STRICT_PROTOTYPES = YES;
				CLANG_WARN_SUSPICIOUS_MOVE = YES;
				CLANG_WARN_UNREACHABLE_CODE = YES;
				CLANG_WARN__DUPLICATE_METHOD_MATCH = YES;
				"CODE_SIGN_IDENTITY[sdk=iphoneos*]" = "iPhone Developer";
				COPY_PHASE_STRIP = NO;
				DEBUG_INFORMATION_FORMAT = "dwarf-with-dsym";
				ENABLE_NS_ASSERTIONS = NO;
				ENABLE_STRICT_OBJC_MSGSEND = YES;
				GCC_C_LANGUAGE_STANDARD = gnu99;
				GCC_NO_COMMON_BLOCKS = YES;
				GCC_WARN_64_TO_32_BIT_CONVERSION = YES;
				GCC_WARN_ABOUT_RETURN_TYPE = YES_ERROR;
				GCC_WARN_UNDECLARED_SELECTOR = YES;
				GCC_WARN_UNINITIALIZED_AUTOS = YES_AGGRESSIVE;
				GCC_WARN_UNUSED_FUNCTION = YES;
				GCC_WARN_UNUSED_VARIABLE = YES;
				IPHONEOS_DEPLOYMENT_TARGET = 9.3;
				MTL_ENABLE_DEBUG_INFO = NO;
				SDKROOT = iphoneos;
				SWIFT_OPTIMIZATION_LEVEL = "-Owholemodule";
				VALIDATE_PRODUCT = YES;
			};
			name = Release;
		};
		63CE487D023738B1782DCA4B6D5D630E /* Debug */ = {
			isa = XCBuildConfiguration;
			baseConfigurationReference = 1A4B0B379C38FA3CF0242B3D0ACE5433 /* Pods-Nurse_Example.debug.xcconfig */;
			buildSettings = {
				ASSETCATALOG_COMPILER_APPICON_NAME = AppIcon;
				DEVELOPMENT_TEAM = 8ZZEB7QGX4;
				INFOPLIST_FILE = Nurse/Info.plist;
				IPHONEOS_DEPLOYMENT_TARGET = 9.3;
				LD_RUNPATH_SEARCH_PATHS = "$(inherited) @executable_path/Frameworks";
				MODULE_NAME = ExampleApp;
				PRODUCT_BUNDLE_IDENTIFIER = "org.cocoapods.demo.$(PRODUCT_NAME:rfc1034identifier)";
				PRODUCT_NAME = "$(TARGET_NAME)";
				SWIFT_SWIFT3_OBJC_INFERENCE = Default;
				SWIFT_VERSION = 4.0;
			};
			name = Debug;
		};
		5D57D6443F87D53804100E79BA848B17 /* Release */ = {
			isa = XCBuildConfiguration;
			baseConfigurationReference = E411B690B522304F42E04A2A4C9A1D45 /* Pods-Nurse_Example.release.xcconfig */;
			buildSettings = {
				ASSETCATALOG_COMPILER_APPICON_NAME = AppIcon;
				DEVELOPMENT_TEAM = 8ZZEB7QGX4;
				INFOPLIST_FILE = Nurse/Info.plist;
				IPHONEOS_DEPLOYMENT_TARGET = 9.3;
				LD_RUNPATH_SEARCH_PATHS = "$(inherited) @executable_path/Frameworks";
				MODULE_NAME = ExampleApp;
				PRODUCT_BUNDLE_IDENTIFIER = "org.cocoapods.demo.$(PRODUCT_NAME:rfc1034identifier)";
				PRODUCT_NAME = "$(TARGET_NAME)";
				SWIFT_SWIFT3_OBJC_INFERENCE = Default;
				SWIFT_VERSION = 4.0;
			};
			name = Release;
		};
		101C1E8491B3008EF395B75BBAE38719 /* Debug */ = {
			isa = XCBuildConfiguration;
			baseConfigurationReference = EFF1A20981BF3C6C72DD6C4DFA59684A /* Pods-Nurse_Tests.debug.xcconfig */;
			buildSettings = {
				DEVELOPMENT_TEAM = 8ZZEB7QGX4;
				FRAMEWORK_SEARCH_PATHS = "$(inherited)";
				GCC_PREPROCESSOR_DEFINITIONS = (
					"DEBUG=1",
					"$(inherited)",
				);
				INFOPLIST_FILE = Tests/Info.plist;
				LD_RUNPATH_SEARCH_PATHS = "$(inherited) @executable_path/Frameworks @loader_path/Frameworks";
				PRODUCT_BUNDLE_IDENTIFIER = "org.cocoapods.$(PRODUCT_NAME:rfc1034identifier)";
				PRODUCT_NAME = "$(TARGET_NAME)";
				SWIFT_SWIFT3_OBJC_INFERENCE = Default;
				SWIFT_VERSION = 4.0;
				TEST_HOST = "$(BUILT_PRODUCTS_DIR)/Nurse_Example.app/Nurse_Example";
			};
			name = Debug;
		};
		6CC0513017B74896E6B97C821404C655 /* Release */ = {
			isa = XCBuildConfiguration;
			baseConfigurationReference = 53E1788A9B880235F50A01AEDA4B1605 /* Pods-Nurse_Tests.release.xcconfig */;
			buildSettings = {
				DEVELOPMENT_TEAM = 8ZZEB7QGX4;
				FRAMEWORK_SEARCH_PATHS = "$(inherited)";
				INFOPLIST_FILE = Tests/Info.plist;
				LD_RUNPATH_SEARCH_PATHS = "$(inherited) @executable_path/Frameworks @loader_path/Frameworks";
				PRODUCT_BUNDLE_IDENTIFIER = "org.cocoapods.$(PRODUCT_NAME:rfc1034identifier)";
				PRODUCT_NAME = "$(TARGET_NAME)";
				SWIFT_SWIFT3_OBJC_INFERENCE = Default;
				SWIFT_VERSION = 4.0;
				TEST_HOST = "$(BUILT_PRODUCTS_DIR)/Nurse_Example.app/Nurse_Example";
			};
			name = Release;
		};
/* End XCBuildConfiguration section */

/* Begin XCConfigurationList section */
		99883A440BC6DC90CDCAF4B1767CE275 /* Build configuration list for PBXProject "Nurse" */ = {
			isa = XCConfigurationList;
			buildConfigurations = (
				D87770E5FA7BA903F1F4E571A4B34995 /* Debug */,
				B25012282EB5B62932998A48BAC97087 /* Release */,
			);
			defaultConfigurationIsVisible = 0;
			defaultConfigurationName = Release;
		};
		F3136624FF9D74C029FB463C27FE5FEE /* Build configuration list for PBXNativeTarget "Nurse_Example" */ = {
			isa = XCConfigurationList;
			buildConfigurations = (
				63CE487D023738B1782DCA4B6D5D630E /* Debug */,
				5D57D6443F87D53804100E79BA848B17 /* Release */,
			);
			defaultConfigurationIsVisible = 0;
			defaultConfigurationName = Release;
		};
		35ED05CE64C7E5000201D7007F64F4C0 /* Build configuration list for PBXNativeTarget "Nurse_Tests" */ = {
			isa = XCConfigurationList;
			buildConfigurations = (
				101C1E8491B3008EF395B75BBAE38719 /* Debug */,
				6CC0513017B74896E6B97C821404C655 /* Release */,
			);
			defaultConfigurationIsVisible = 0;
			defaultConfigurationName = Release;
		};
/* End XCConfigurationList section */
	};
	rootObject = E05F7C6E91B00F733E33E81E651B7C9F /* Project object */;
}
